
Microsoft Visual Studio Solution File, Format Version 12.00
# Visual Studio Version 16
VisualStudioVersion = 16.0.30717.126
MinimumVisualStudioVersion = 10.0.40219.1
Project("{FAE04EC0-301F-11D3-BF4B-00C04F79EFBC}") = "aula3", "aula3\aula3.csproj", "{62CDCBB9-24D1-4176-9955-A608FA5D395E}"
EndProject
Global
	GlobalSection(SolutionConfigurationPlatforms) = preSolution
		Debug|Any CPU = Debug|Any CPU
		Release|Any CPU = Release|Any CPU
	EndGlobalSection
	GlobalSection(ProjectConfigurationPlatforms) = postSolution
		{62CDCBB9-24D1-4176-9955-A608FA5D395E}.Debug|Any CPU.ActiveCfg = Debug|Any CPU
		{62CDCBB9-24D1-4176-9955-A608FA5D395E}.Debug|Any CPU.Build.0 = Debug|Any CPU
		{62CDCBB9-24D1-4176-9955-A608FA5D395E}.Release|Any CPU.ActiveCfg = Release|Any CPU
		{62CDCBB9-24D1-4176-9955-A608FA5D395E}.Release|Any CPU.Build.0 = Release|Any CPU
	EndGlobalSection
	GlobalSection(SolutionProperties) = preSolution
		HideSolutionNode = FALSE
	EndGlobalSection
	GlobalSection(ExtensibilityGlobals) = postSolution
		SolutionGuid = {F1DBFC85-F33E-4D3B-96D2-A184CE8B8213}
	EndGlobalSection
EndGlobal
